
Microsoft Visual Studio Solution File, Format Version 12.00
# Visual Studio Version 17
VisualStudioVersion = 17.2.32210.308
MinimumVisualStudioVersion = 10.0.40219.1
Project("{2150E333-8FDC-42A3-9474-1A3956D46DE8}") = "Solution Items", "Solution Items", "{9F0FC122-1550-431A-9AAE-8061C8E95DD3}"
	ProjectSection(SolutionItems) = preProject
		README.md = README.md
	EndProjectSection
EndProject
Project("{2150E333-8FDC-42A3-9474-1A3956D46DE8}") = "Database", "Database", "{9DD6EF7C-9CD6-4155-A05B-8C17A95363C4}"
EndProject
Project("{00D1A9C2-B5F0-4AF3-8072-F6C62B433612}") = "LoginAsWhoSamplesDatabase", "Database\LoginAsWhoSamplesDatabase\LoginAsWhoSamplesDatabase.sqlproj", "{9E2C93BA-1834-4650-BAB6-6E9BEE47D3C6}"
EndProject
Project("{2150E333-8FDC-42A3-9474-1A3956D46DE8}") = "Samples", "Samples", "{99C32DFA-5284-484D-A531-954F09BA9524}"
EndProject
Project("{9A19103F-16F7-4668-BE54-9A1E7A4F7556}") = "SqlServerUserSample", "Samples\SqlServerUserSample\SqlServerUserSample.csproj", "{6B4F841B-2029-461B-8530-AC871EBDFF82}"
EndProject
Project("{9A19103F-16F7-4668-BE54-9A1E7A4F7556}") = "TrustedConnectionWithApplicationRoleSample", "Samples\TrustedConnectionWithApplicationRoleSample\TrustedConnectionWithApplicationRoleSample.csproj", "{7A9FBC68-918A-4AC8-9666-7D665E478EB8}"
EndProject
Project("{9A19103F-16F7-4668-BE54-9A1E7A4F7556}") = "TrustedConnectionWithImpersonationSample", "Samples\TrustedConnectionWithImpersonationSample\TrustedConnectionWithImpersonationSample.csproj", "{5B2FB6C9-92B3-4C82-94EA-0702AEE47310}"
EndProject
Project("{2150E333-8FDC-42A3-9474-1A3956D46DE8}") = "Common", "Common", "{81502D54-43F6-49F0-8155-F19088178AC8}"
EndProject
Project("{FAE04EC0-301F-11D3-BF4B-00C04F79EFBC}") = "ConsoleHelper", "Common\ConsoleHelper\ConsoleHelper.csproj", "{FF8AAE13-B240-41C2-A392-04BF2D1311E7}"
EndProject
Project("{FAE04EC0-301F-11D3-BF4B-00C04F79EFBC}") = "SqlHelper", "Common\SqlHelper\SqlHelper.csproj", "{EAAD0B20-C48C-4D6C-9CAD-C6BEAE3FFA11}"
EndProject
Global
	GlobalSection(SolutionConfigurationPlatforms) = preSolution
		Debug|Any CPU = Debug|Any CPU
		Release|Any CPU = Release|Any CPU
	EndGlobalSection
	GlobalSection(ProjectConfigurationPlatforms) = postSolution
		{9E2C93BA-1834-4650-BAB6-6E9BEE47D3C6}.Debug|Any CPU.ActiveCfg = Debug|Any CPU
		{9E2C93BA-1834-4650-BAB6-6E9BEE47D3C6}.Debug|Any CPU.Build.0 = Debug|Any CPU
		{9E2C93BA-1834-4650-BAB6-6E9BEE47D3C6}.Debug|Any CPU.Deploy.0 = Debug|Any CPU
		{9E2C93BA-1834-4650-BAB6-6E9BEE47D3C6}.Release|Any CPU.ActiveCfg = Release|Any CPU
		{9E2C93BA-1834-4650-BAB6-6E9BEE47D3C6}.Release|Any CPU.Build.0 = Release|Any CPU
		{9E2C93BA-1834-4650-BAB6-6E9BEE47D3C6}.Release|Any CPU.Deploy.0 = Release|Any CPU
		{6B4F841B-2029-461B-8530-AC871EBDFF82}.Debug|Any CPU.ActiveCfg = Debug|Any CPU
		{6B4F841B-2029-461B-8530-AC871EBDFF82}.Debug|Any CPU.Build.0 = Debug|Any CPU
		{6B4F841B-2029-461B-8530-AC871EBDFF82}.Release|Any CPU.ActiveCfg = Release|Any CPU
		{6B4F841B-2029-461B-8530-AC871EBDFF82}.Release|Any CPU.Build.0 = Release|Any CPU
		{7A9FBC68-918A-4AC8-9666-7D665E478EB8}.Debug|Any CPU.ActiveCfg = Debug|Any CPU
		{7A9FBC68-918A-4AC8-9666-7D665E478EB8}.Debug|Any CPU.Build.0 = Debug|Any CPU
		{7A9FBC68-918A-4AC8-9666-7D665E478EB8}.Release|Any CPU.ActiveCfg = Release|Any CPU
		{7A9FBC68-918A-4AC8-9666-7D665E478EB8}.Release|Any CPU.Build.0 = Release|Any CPU
		{5B2FB6C9-92B3-4C82-94EA-0702AEE47310}.Debug|Any CPU.ActiveCfg = Debug|Any CPU
		{5B2FB6C9-92B3-4C82-94EA-0702AEE47310}.Debug|Any CPU.Build.0 = Debug|Any CPU
		{5B2FB6C9-92B3-4C82-94EA-0702AEE47310}.Release|Any CPU.ActiveCfg = Release|Any CPU
		{5B2FB6C9-92B3-4C82-94EA-0702AEE47310}.Release|Any CPU.Build.0 = Release|Any CPU
		{FF8AAE13-B240-41C2-A392-04BF2D1311E7}.Debug|Any CPU.ActiveCfg = Debug|Any CPU
		{FF8AAE13-B240-41C2-A392-04BF2D1311E7}.Debug|Any CPU.Build.0 = Debug|Any CPU
		{FF8AAE13-B240-41C2-A392-04BF2D1311E7}.Release|Any CPU.ActiveCfg = Release|Any CPU
		{FF8AAE13-B240-41C2-A392-04BF2D1311E7}.Release|Any CPU.Build.0 = Release|Any CPU
		{EAAD0B20-C48C-4D6C-9CAD-C6BEAE3FFA11}.Debug|Any CPU.ActiveCfg = Debug|Any CPU
		{EAAD0B20-C48C-4D6C-9CAD-C6BEAE3FFA11}.Debug|Any CPU.Build.0 = Debug|Any CPU
		{EAAD0B20-C48C-4D6C-9CAD-C6BEAE3FFA11}.Release|Any CPU.ActiveCfg = Release|Any CPU
		{EAAD0B20-C48C-4D6C-9CAD-C6BEAE3FFA11}.Release|Any CPU.Build.0 = Release|Any CPU
	EndGlobalSection
	GlobalSection(SolutionProperties) = preSolution
		HideSolutionNode = FALSE
	EndGlobalSection
	GlobalSection(NestedProjects) = preSolution
		{9E2C93BA-1834-4650-BAB6-6E9BEE47D3C6} = {9DD6EF7C-9CD6-4155-A05B-8C17A95363C4}
		{6B4F841B-2029-461B-8530-AC871EBDFF82} = {99C32DFA-5284-484D-A531-954F09BA9524}
		{7A9FBC68-918A-4AC8-9666-7D665E478EB8} = {99C32DFA-5284-484D-A531-954F09BA9524}
		{5B2FB6C9-92B3-4C82-94EA-0702AEE47310} = {99C32DFA-5284-484D-A531-954F09BA9524}
		{FF8AAE13-B240-41C2-A392-04BF2D1311E7} = {81502D54-43F6-49F0-8155-F19088178AC8}
		{EAAD0B20-C48C-4D6C-9CAD-C6BEAE3FFA11} = {81502D54-43F6-49F0-8155-F19088178AC8}
	EndGlobalSection
	GlobalSection(ExtensibilityGlobals) = postSolution
		SolutionGuid = {17D09D8B-6C36-4473-8A9C-13598925ECC9}
	EndGlobalSection
EndGlobal
