
Microsoft Visual Studio Solution File, Format Version 12.00
# Visual Studio Version 16
VisualStudioVersion = 16.0.30621.155
MinimumVisualStudioVersion = 10.0.40219.1
Project("{FAE04EC0-301F-11D3-BF4B-00C04F79EFBC}") = "AddVersusTryAdd", "AddVersusTryAdd\AddVersusTryAdd.csproj", "{DFC01845-E484-4E26-99C4-F3DE3B7D937C}"
EndProject
Global
	GlobalSection(SolutionConfigurationPlatforms) = preSolution
		Debug|Any CPU = Debug|Any CPU
		Release|Any CPU = Release|Any CPU
	EndGlobalSection
	GlobalSection(ProjectConfigurationPlatforms) = postSolution
		{DFC01845-E484-4E26-99C4-F3DE3B7D937C}.Debug|Any CPU.ActiveCfg = Debug|Any CPU
		{DFC01845-E484-4E26-99C4-F3DE3B7D937C}.Debug|Any CPU.Build.0 = Debug|Any CPU
		{DFC01845-E484-4E26-99C4-F3DE3B7D937C}.Release|Any CPU.ActiveCfg = Release|Any CPU
		{DFC01845-E484-4E26-99C4-F3DE3B7D937C}.Release|Any CPU.Build.0 = Release|Any CPU
	EndGlobalSection
	GlobalSection(SolutionProperties) = preSolution
		HideSolutionNode = FALSE
	EndGlobalSection
	GlobalSection(ExtensibilityGlobals) = postSolution
		SolutionGuid = {8D980F3D-A434-4E97-BF35-14364107FDCD}
	EndGlobalSection
EndGlobal
